
Microsoft Visual Studio Solution File, Format Version 12.00
# Visual Studio Version 17
VisualStudioVersion = 17.4.33205.214
MinimumVisualStudioVersion = 10.0.40219.1
Project("{FAE04EC0-301F-11D3-BF4B-00C04F79EFBC}") = "FFXIIIMovieAudioMod", "FFXIIIMovieAudioMod.csproj", "{FFABD1BD-4BA1-4293-908F-1AA7F8C9D1EB}"
EndProject
Global
	GlobalSection(SolutionConfigurationPlatforms) = preSolution
		Debug|Any CPU = Debug|Any CPU
		Release|Any CPU = Release|Any CPU
	EndGlobalSection
	GlobalSection(ProjectConfigurationPlatforms) = postSolution
		{FFABD1BD-4BA1-4293-908F-1AA7F8C9D1EB}.Debug|Any CPU.ActiveCfg = Debug|Any CPU
		{FFABD1BD-4BA1-4293-908F-1AA7F8C9D1EB}.Debug|Any CPU.Build.0 = Debug|Any CPU
		{FFABD1BD-4BA1-4293-908F-1AA7F8C9D1EB}.Release|Any CPU.ActiveCfg = Release|Any CPU
		{FFABD1BD-4BA1-4293-908F-1AA7F8C9D1EB}.Release|Any CPU.Build.0 = Release|Any CPU
	EndGlobalSection
	GlobalSection(SolutionProperties) = preSolution
		HideSolutionNode = FALSE
	EndGlobalSection
	GlobalSection(ExtensibilityGlobals) = postSolution
		SolutionGuid = {27996558-F51C-4D15-8B45-6F20006A1176}
	EndGlobalSection
EndGlobal
